
Microsoft Visual Studio Solution File, Format Version 12.00
Project("{FAE04EC0-301F-11D3-BF4B-00C04F79EFBC}") = "DataAccessLayer", "DataAccessLayer\DataAccessLayer.csproj", "{5B6DEF2A-96C1-4371-BF71-1A5CEC804BE2}"
EndProject
Project("{FAE04EC0-301F-11D3-BF4B-00C04F79EFBC}") = "BusinessLayer", "BusinessLayer\BusinessLayer.csproj", "{E1C90016-881E-4A88-82E6-392986822B84}"
EndProject
Project("{FAE04EC0-301F-11D3-BF4B-00C04F79EFBC}") = "PresentationLayer", "PresentationLayer\PresentationLayer.csproj", "{61CEFE01-38D8-4AD2-BA93-797099AF245F}"
EndProject
Project("{2150E333-8FDC-42A3-9474-1A3956D46DE8}") = "Solution Items", "Solution Items", "{F66F90ED-3599-4FDA-A151-4A52A1D7F87B}"
	ProjectSection(SolutionItems) = preProject
		compose.yaml = compose.yaml
	EndProjectSection
EndProject
Global
	GlobalSection(SolutionConfigurationPlatforms) = preSolution
		Debug|Any CPU = Debug|Any CPU
		Release|Any CPU = Release|Any CPU
	EndGlobalSection
	GlobalSection(ProjectConfigurationPlatforms) = postSolution
		{5B6DEF2A-96C1-4371-BF71-1A5CEC804BE2}.Debug|Any CPU.ActiveCfg = Debug|Any CPU
		{5B6DEF2A-96C1-4371-BF71-1A5CEC804BE2}.Debug|Any CPU.Build.0 = Debug|Any CPU
		{5B6DEF2A-96C1-4371-BF71-1A5CEC804BE2}.Release|Any CPU.ActiveCfg = Release|Any CPU
		{5B6DEF2A-96C1-4371-BF71-1A5CEC804BE2}.Release|Any CPU.Build.0 = Release|Any CPU
		{E1C90016-881E-4A88-82E6-392986822B84}.Debug|Any CPU.ActiveCfg = Debug|Any CPU
		{E1C90016-881E-4A88-82E6-392986822B84}.Debug|Any CPU.Build.0 = Debug|Any CPU
		{E1C90016-881E-4A88-82E6-392986822B84}.Release|Any CPU.ActiveCfg = Release|Any CPU
		{E1C90016-881E-4A88-82E6-392986822B84}.Release|Any CPU.Build.0 = Release|Any CPU
		{61CEFE01-38D8-4AD2-BA93-797099AF245F}.Debug|Any CPU.ActiveCfg = Debug|Any CPU
		{61CEFE01-38D8-4AD2-BA93-797099AF245F}.Debug|Any CPU.Build.0 = Debug|Any CPU
		{61CEFE01-38D8-4AD2-BA93-797099AF245F}.Release|Any CPU.ActiveCfg = Release|Any CPU
		{61CEFE01-38D8-4AD2-BA93-797099AF245F}.Release|Any CPU.Build.0 = Release|Any CPU
	EndGlobalSection
EndGlobal
